
Microsoft Visual Studio Solution File, Format Version 12.00
# Visual Studio 15
Project("{FAE04EC0-301F-11D3-BF4B-00C04F79EFBC}") = "Assembly-CSharp", "Assembly-CSharp.csproj", "{FC08F141-EE72-7681-A20C-170F82F202D7}"
EndProject
Project("{FAE04EC0-301F-11D3-BF4B-00C04F79EFBC}") = "GoogleMobileAds.Editor", "GoogleMobileAds.Editor.csproj", "{7A35EC11-2176-7772-4983-6813D6F6BCEA}"
EndProject
Global
	GlobalSection(SolutionConfigurationPlatforms) = preSolution
		Debug|Any CPU = Debug|Any CPU
		Release|Any CPU = Release|Any CPU
	EndGlobalSection
	GlobalSection(ProjectConfigurationPlatforms) = postSolution
		{FC08F141-EE72-7681-A20C-170F82F202D7}.Debug|Any CPU.ActiveCfg = Debug|Any CPU
		{FC08F141-EE72-7681-A20C-170F82F202D7}.Debug|Any CPU.Build.0 = Debug|Any CPU
		{FC08F141-EE72-7681-A20C-170F82F202D7}.Release|Any CPU.ActiveCfg = Release|Any CPU
		{FC08F141-EE72-7681-A20C-170F82F202D7}.Release|Any CPU.Build.0 = Release|Any CPU
		{7A35EC11-2176-7772-4983-6813D6F6BCEA}.Debug|Any CPU.ActiveCfg = Debug|Any CPU
		{7A35EC11-2176-7772-4983-6813D6F6BCEA}.Debug|Any CPU.Build.0 = Debug|Any CPU
		{7A35EC11-2176-7772-4983-6813D6F6BCEA}.Release|Any CPU.ActiveCfg = Release|Any CPU
		{7A35EC11-2176-7772-4983-6813D6F6BCEA}.Release|Any CPU.Build.0 = Release|Any CPU
	EndGlobalSection
	GlobalSection(SolutionProperties) = preSolution
		HideSolutionNode = FALSE
	EndGlobalSection
EndGlobal
